
Microsoft Visual Studio Solution File, Format Version 12.00
# Visual Studio Version 17
VisualStudioVersion = 17.9.34728.123
MinimumVisualStudioVersion = 10.0.40219.1
Project("{9A19103F-16F7-4668-BE54-9A1E7A4F7556}") = "EasyApiClient", "EasyApiClient\EasyApiClient.csproj", "{A8A128EF-30EF-4C49-99B6-07C0CD67B3F2}"
EndProject
Project("{9A19103F-16F7-4668-BE54-9A1E7A4F7556}") = "EasyApiClient.Console", "EasyApiClient.Console\EasyApiClient.Console.csproj", "{D2471BDA-F1E8-4C51-AD8A-92489CE1B351}"
EndProject
Global
	GlobalSection(SolutionConfigurationPlatforms) = preSolution
		Debug|Any CPU = Debug|Any CPU
		Release|Any CPU = Release|Any CPU
	EndGlobalSection
	GlobalSection(ProjectConfigurationPlatforms) = postSolution
		{A8A128EF-30EF-4C49-99B6-07C0CD67B3F2}.Debug|Any CPU.ActiveCfg = Debug|Any CPU
		{A8A128EF-30EF-4C49-99B6-07C0CD67B3F2}.Debug|Any CPU.Build.0 = Debug|Any CPU
		{A8A128EF-30EF-4C49-99B6-07C0CD67B3F2}.Release|Any CPU.ActiveCfg = Release|Any CPU
		{A8A128EF-30EF-4C49-99B6-07C0CD67B3F2}.Release|Any CPU.Build.0 = Release|Any CPU
		{D2471BDA-F1E8-4C51-AD8A-92489CE1B351}.Debug|Any CPU.ActiveCfg = Debug|Any CPU
		{D2471BDA-F1E8-4C51-AD8A-92489CE1B351}.Debug|Any CPU.Build.0 = Debug|Any CPU
		{D2471BDA-F1E8-4C51-AD8A-92489CE1B351}.Release|Any CPU.ActiveCfg = Release|Any CPU
		{D2471BDA-F1E8-4C51-AD8A-92489CE1B351}.Release|Any CPU.Build.0 = Release|Any CPU
	EndGlobalSection
	GlobalSection(SolutionProperties) = preSolution
		HideSolutionNode = FALSE
	EndGlobalSection
	GlobalSection(ExtensibilityGlobals) = postSolution
		SolutionGuid = {F1C92130-8157-4BD6-8392-F71A6E051657}
	EndGlobalSection
EndGlobal
